
Microsoft Visual Studio Solution File, Format Version 12.00
# Visual Studio 15
VisualStudioVersion = 15.0.27130.2036
MinimumVisualStudioVersion = 10.0.40219.1
Project("{8BC9CEB8-8B4A-11D0-8D11-00A0C91BC942}") = "tracer_lib", "tracer_lib\tracer_lib.vcxproj", "{87AA7F7B-2804-4F03-A6B4-8BA04335A032}"
EndProject
Project("{8BC9CEB8-8B4A-11D0-8D11-00A0C91BC942}") = "tracer_console", "tracer_console\tracer_console.vcxproj", "{B9B16A4B-6B6A-4841-8948-289B0E385A98}"
	ProjectSection(ProjectDependencies) = postProject
		{87AA7F7B-2804-4F03-A6B4-8BA04335A032} = {87AA7F7B-2804-4F03-A6B4-8BA04335A032}
	EndProjectSection
EndProject
Project("{FAE04EC0-301F-11D3-BF4B-00C04F79EFBC}") = "tracer_gui", "tracer_gui\tracer_gui.csproj", "{BADE10E6-EA16-4FD4-B9D7-AEB78CC2E87C}"
	ProjectSection(ProjectDependencies) = postProject
		{60B240D4-2254-4AD7-B71C-34A2F03A5014} = {60B240D4-2254-4AD7-B71C-34A2F03A5014}
	EndProjectSection
EndProject
Project("{8BC9CEB8-8B4A-11D0-8D11-00A0C91BC942}") = "tracer_wrapper", "tracer_wrapper\tracer_wrapper.vcxproj", "{60B240D4-2254-4AD7-B71C-34A2F03A5014}"
	ProjectSection(ProjectDependencies) = postProject
		{87AA7F7B-2804-4F03-A6B4-8BA04335A032} = {87AA7F7B-2804-4F03-A6B4-8BA04335A032}
	EndProjectSection
EndProject
Global
	GlobalSection(SolutionConfigurationPlatforms) = preSolution
		Debug|x86 = Debug|x86
		Release|x86 = Release|x86
	EndGlobalSection
	GlobalSection(ProjectConfigurationPlatforms) = postSolution
		{87AA7F7B-2804-4F03-A6B4-8BA04335A032}.Debug|x86.ActiveCfg = Debug|Win32
		{87AA7F7B-2804-4F03-A6B4-8BA04335A032}.Debug|x86.Build.0 = Debug|Win32
		{87AA7F7B-2804-4F03-A6B4-8BA04335A032}.Release|x86.ActiveCfg = Release|Win32
		{87AA7F7B-2804-4F03-A6B4-8BA04335A032}.Release|x86.Build.0 = Release|Win32
		{B9B16A4B-6B6A-4841-8948-289B0E385A98}.Debug|x86.ActiveCfg = Debug|Win32
		{B9B16A4B-6B6A-4841-8948-289B0E385A98}.Debug|x86.Build.0 = Debug|Win32
		{B9B16A4B-6B6A-4841-8948-289B0E385A98}.Release|x86.ActiveCfg = Release|Win32
		{B9B16A4B-6B6A-4841-8948-289B0E385A98}.Release|x86.Build.0 = Release|Win32
		{BADE10E6-EA16-4FD4-B9D7-AEB78CC2E87C}.Debug|x86.ActiveCfg = Debug|Any CPU
		{BADE10E6-EA16-4FD4-B9D7-AEB78CC2E87C}.Debug|x86.Build.0 = Debug|Any CPU
		{BADE10E6-EA16-4FD4-B9D7-AEB78CC2E87C}.Release|x86.ActiveCfg = Release|Any CPU
		{BADE10E6-EA16-4FD4-B9D7-AEB78CC2E87C}.Release|x86.Build.0 = Release|Any CPU
		{60B240D4-2254-4AD7-B71C-34A2F03A5014}.Debug|x86.ActiveCfg = Debug|Win32
		{60B240D4-2254-4AD7-B71C-34A2F03A5014}.Debug|x86.Build.0 = Debug|Win32
		{60B240D4-2254-4AD7-B71C-34A2F03A5014}.Release|x86.ActiveCfg = Release|Win32
		{60B240D4-2254-4AD7-B71C-34A2F03A5014}.Release|x86.Build.0 = Release|Win32
	EndGlobalSection
	GlobalSection(SolutionProperties) = preSolution
		HideSolutionNode = FALSE
	EndGlobalSection
	GlobalSection(ExtensibilityGlobals) = postSolution
		SolutionGuid = {9BB30584-EE3D-42F7-ACCB-368958859AD0}
	EndGlobalSection
EndGlobal
